{
  "nodes": {
    "core": {
      "inputs": {
        "nixpkgs": "nixpkgs"
      },
      "locked": {
        "lastModified": 1714602819,
        "narHash": "sha256-U/emV+rC0ssCNvOdlKRt4K9AUzrQcGW3PzvD6E/NNKg=",
        "owner": "auxolotl",
        "repo": "packages",
        "rev": "48b022083ffb6e2f1dbfec08411a08f63149b8a0",
        "type": "github"
      },
      "original": {
        "owner": "auxolotl",
        "repo": "packages",
        "type": "github"
      }
    },
    "nixpkgs": {
      "locked": {
        "lastModified": 1714253743,
        "narHash": "sha256-mdTQw2XlariysyScCv2tTE45QSU9v/ezLcHJ22f0Nxc=",
        "owner": "auxolotl",
        "repo": "nixpkgs",
        "rev": "58a1abdbae3217ca6b702f03d3b35125d88a2994",
        "type": "github"
      },
      "original": {
        "owner": "auxolotl",
        "ref": "nixos-unstable",
        "repo": "nixpkgs",
        "type": "github"
      }
    },
    "root": {
      "inputs": {
        "top-level": "top-level"
      }
    },
    "top-level": {
      "inputs": {
        "core": "core",
        "javascript": []
      },
      "locked": {
        "lastModified": 1714721914,
        "narHash": "sha256-NM84dgutDOxTo4mIrXRWI9C32saFQvfQtq/JeG+MvUU=",
        "owner": "auxolotl",
        "repo": "top-level",
        "rev": "a0907c348e5b71d5c413e4cdc297c0c538b996e4",
        "type": "github"
      },
      "original": {
        "owner": "auxolotl",
        "repo": "top-level",
        "type": "github"
      }
    }
  },
  "root": "root",
  "version": 7
}
