{
  "nodes": {
    "core": {
      "inputs": {
        "nixpkgs": "nixpkgs"
      },
      "locked": {
        "lastModified": 1714776728,
        "narHash": "sha256-Hs7WOGPk4Kolg4pPTihPGGPOAfCl6+As67pDJkOb/DM=",
        "owner": "auxolotl",
        "repo": "core",
        "rev": "cbe7a41cc89ccda6bfd14da7c2a8cf982ca07d24",
        "type": "github"
      },
      "original": {
        "owner": "auxolotl",
        "repo": "core",
        "type": "github"
      }
    },
    "nixpkgs": {
      "locked": {
        "lastModified": 1714253743,
        "narHash": "sha256-mdTQw2XlariysyScCv2tTE45QSU9v/ezLcHJ22f0Nxc=",
        "owner": "auxolotl",
        "repo": "nixpkgs",
        "rev": "58a1abdbae3217ca6b702f03d3b35125d88a2994",
        "type": "github"
      },
      "original": {
        "owner": "auxolotl",
        "ref": "nixos-unstable",
        "repo": "nixpkgs",
        "type": "github"
      }
    },
    "root": {
      "inputs": {
        "core": "core"
      }
    }
  },
  "root": "root",
  "version": 7
}
